// !$*UTF8*$!
{
	archiveVersion = 1;
	classes = {
	};
	objectVersion = 55;
	objects = {

/* Begin PBXBuildFile section */
		212FC40956874F53CF7450A3 /* Pods_MemoAppDemo.framework in Frameworks */ = {isa = PBXBuildFile; fileRef = 9683F27B17E6BCD2003F3FE0 /* Pods_MemoAppDemo.framework */; };
		C90A025B27FC215200171C0E /* MainViewController.swift in Sources */ = {isa = PBXBuildFile; fileRef = C90A025A27FC215200171C0E /* MainViewController.swift */; };
		C90A026327FC32B200171C0E /* WriteViewController.swift in Sources */ = {isa = PBXBuildFile; fileRef = C90A026227FC32B200171C0E /* WriteViewController.swift */; };
		C90A027427FD87AF00171C0E /* MemoTableViewCell.swift in Sources */ = {isa = PBXBuildFile; fileRef = C90A027327FD87AF00171C0E /* MemoTableViewCell.swift */; };
		C90A02B227FFEAAD00171C0E /* WriteViewModel.swift in Sources */ = {isa = PBXBuildFile; fileRef = C90A02B127FFEAAD00171C0E /* WriteViewModel.swift */; };
		C90A02B527FFEDDE00171C0E /* MemoModel.swift in Sources */ = {isa = PBXBuildFile; fileRef = C90A02B427FFEDDE00171C0E /* MemoModel.swift */; };
		C90A02B727FFF0AB00171C0E /* MainViewModel.swift in Sources */ = {isa = PBXBuildFile; fileRef = C90A02B627FFF0AB00171C0E /* MainViewModel.swift */; };
		C90A02BA27FFF71500171C0E /* Observable.swift in Sources */ = {isa = PBXBuildFile; fileRef = C90A02B927FFF71500171C0E /* Observable.swift */; };
		C9850BCD27FBD58100B6B4B9 /* AppDelegate.swift in Sources */ = {isa = PBXBuildFile; fileRef = C9850BCC27FBD58100B6B4B9 /* AppDelegate.swift */; };
		C9850BCF27FBD58100B6B4B9 /* SceneDelegate.swift in Sources */ = {isa = PBXBuildFile; fileRef = C9850BCE27FBD58100B6B4B9 /* SceneDelegate.swift */; };
		C9850BD427FBD58100B6B4B9 /* Main.storyboard in Resources */ = {isa = PBXBuildFile; fileRef = C9850BD227FBD58100B6B4B9 /* Main.storyboard */; };
		C9850BD627FBD58200B6B4B9 /* Assets.xcassets in Resources */ = {isa = PBXBuildFile; fileRef = C9850BD527FBD58200B6B4B9 /* Assets.xcassets */; };
		C9850BD927FBD58200B6B4B9 /* LaunchScreen.storyboard in Resources */ = {isa = PBXBuildFile; fileRef = C9850BD727FBD58200B6B4B9 /* LaunchScreen.storyboard */; };
/* End PBXBuildFile section */

/* Begin PBXContainerItemProxy section */
		C9850BE027FBD58200B6B4B9 /* PBXContainerItemProxy */ = {
			isa = PBXContainerItemProxy;
			containerPortal = C9850BC127FBD58100B6B4B9 /* Project object */;
			proxyType = 1;
			remoteGlobalIDString = C9850BC827FBD58100B6B4B9;
			remoteInfo = MemoAppDemo;
		};
		C9850BEA27FBD58200B6B4B9 /* PBXContainerItemProxy */ = {
			isa = PBXContainerItemProxy;
			containerPortal = C9850BC127FBD58100B6B4B9 /* Project object */;
			proxyType = 1;
			remoteGlobalIDString = C9850BC827FBD58100B6B4B9;
			remoteInfo = MemoAppDemo;
		};
/* End PBXContainerItemProxy section */

/* Begin PBXFileReference section */
		4CD89BB156946F02248384B3 /* Pods-MemoAppDemo.release.xcconfig */ = {isa = PBXFileReference; includeInIndex = 1; lastKnownFileType = text.xcconfig; name = "Pods-MemoAppDemo.release.xcconfig"; path = "Target Support Files/Pods-MemoAppDemo/Pods-MemoAppDemo.release.xcconfig"; sourceTree = "<group>"; };
		9683F27B17E6BCD2003F3FE0 /* Pods_MemoAppDemo.framework */ = {isa = PBXFileReference; explicitFileType = wrapper.framework; includeInIndex = 0; path = Pods_MemoAppDemo.framework; sourceTree = BUILT_PRODUCTS_DIR; };
		9C274C822D97C373540F843D /* Pods-MemoAppDemo.debug.xcconfig */ = {isa = PBXFileReference; includeInIndex = 1; lastKnownFileType = text.xcconfig; name = "Pods-MemoAppDemo.debug.xcconfig"; path = "Target Support Files/Pods-MemoAppDemo/Pods-MemoAppDemo.debug.xcconfig"; sourceTree = "<group>"; };
		C90A025A27FC215200171C0E /* MainViewController.swift */ = {isa = PBXFileReference; lastKnownFileType = sourcecode.swift; path = MainViewController.swift; sourceTree = "<group>"; };
		C90A026227FC32B200171C0E /* WriteViewController.swift */ = {isa = PBXFileReference; lastKnownFileType = sourcecode.swift; path = WriteViewController.swift; sourceTree = "<group>"; };
		C90A027327FD87AF00171C0E /* MemoTableViewCell.swift */ = {isa = PBXFileReference; lastKnownFileType = sourcecode.swift; path = MemoTableViewCell.swift; sourceTree = "<group>"; };
		C90A02B127FFEAAD00171C0E /* WriteViewModel.swift */ = {isa = PBXFileReference; lastKnownFileType = sourcecode.swift; path = WriteViewModel.swift; sourceTree = "<group>"; };
		C90A02B427FFEDDE00171C0E /* MemoModel.swift */ = {isa = PBXFileReference; lastKnownFileType = sourcecode.swift; path = MemoModel.swift; sourceTree = "<group>"; };
		C90A02B627FFF0AB00171C0E /* MainViewModel.swift */ = {isa = PBXFileReference; lastKnownFileType = sourcecode.swift; path = MainViewModel.swift; sourceTree = "<group>"; };
		C90A02B927FFF71500171C0E /* Observable.swift */ = {isa = PBXFileReference; lastKnownFileType = sourcecode.swift; path = Observable.swift; sourceTree = "<group>"; };
		C9850BC927FBD58100B6B4B9 /* MemoAppDemo.app */ = {isa = PBXFileReference; explicitFileType = wrapper.application; includeInIndex = 0; path = MemoAppDemo.app; sourceTree = BUILT_PRODUCTS_DIR; };
		C9850BCC27FBD58100B6B4B9 /* AppDelegate.swift */ = {isa = PBXFileReference; lastKnownFileType = sourcecode.swift; path = AppDelegate.swift; sourceTree = "<group>"; };
		C9850BCE27FBD58100B6B4B9 /* SceneDelegate.swift */ = {isa = PBXFileReference; lastKnownFileType = sourcecode.swift; path = SceneDelegate.swift; sourceTree = "<group>"; };
		C9850BD327FBD58100B6B4B9 /* Base */ = {isa = PBXFileReference; lastKnownFileType = file.storyboard; name = Base; path = Base.lproj/Main.storyboard; sourceTree = "<group>"; };
		C9850BD527FBD58200B6B4B9 /* Assets.xcassets */ = {isa = PBXFileReference; lastKnownFileType = folder.assetcatalog; path = Assets.xcassets; sourceTree = "<group>"; };
		C9850BD827FBD58200B6B4B9 /* Base */ = {isa = PBXFileReference; lastKnownFileType = file.storyboard; name = Base; path = Base.lproj/LaunchScreen.storyboard; sourceTree = "<group>"; };
		C9850BDA27FBD58200B6B4B9 /* Info.plist */ = {isa = PBXFileReference; lastKnownFileType = text.plist.xml; path = Info.plist; sourceTree = "<group>"; };
		C9850BDF27FBD58200B6B4B9 /* MemoAppDemoTests.xctest */ = {isa = PBXFileReference; explicitFileType = wrapper.cfbundle; includeInIndex = 0; path = MemoAppDemoTests.xctest; sourceTree = BUILT_PRODUCTS_DIR; };
		C9850BE927FBD58200B6B4B9 /* MemoAppDemoUITests.xctest */ = {isa = PBXFileReference; explicitFileType = wrapper.cfbundle; includeInIndex = 0; path = MemoAppDemoUITests.xctest; sourceTree = BUILT_PRODUCTS_DIR; };
/* End PBXFileReference section */

/* Begin PBXFrameworksBuildPhase section */
		C9850BC627FBD58100B6B4B9 /* Frameworks */ = {
			isa = PBXFrameworksBuildPhase;
			buildActionMask = 2147483647;
			files = (
				212FC40956874F53CF7450A3 /* Pods_MemoAppDemo.framework in Frameworks */,
			);
			runOnlyForDeploymentPostprocessing = 0;
		};
		C9850BDC27FBD58200B6B4B9 /* Frameworks */ = {
			isa = PBXFrameworksBuildPhase;
			buildActionMask = 2147483647;
			files = (
			);
			runOnlyForDeploymentPostprocessing = 0;
		};
		C9850BE627FBD58200B6B4B9 /* Frameworks */ = {
			isa = PBXFrameworksBuildPhase;
			buildActionMask = 2147483647;
			files = (
			);
			runOnlyForDeploymentPostprocessing = 0;
		};
/* End PBXFrameworksBuildPhase section */

/* Begin PBXGroup section */
		36A9BAF3AB3FE73A7CF3B013 /* Pods */ = {
			isa = PBXGroup;
			children = (
				9C274C822D97C373540F843D /* Pods-MemoAppDemo.debug.xcconfig */,
				4CD89BB156946F02248384B3 /* Pods-MemoAppDemo.release.xcconfig */,
			);
			path = Pods;
			sourceTree = "<group>";
		};
		4D6F15F6047934FC8D142994 /* Frameworks */ = {
			isa = PBXGroup;
			children = (
				9683F27B17E6BCD2003F3FE0 /* Pods_MemoAppDemo.framework */,
			);
			name = Frameworks;
			sourceTree = "<group>";
		};
		C90A026C27FD523400171C0E /* Main */ = {
			isa = PBXGroup;
			children = (
				C90A027327FD87AF00171C0E /* MemoTableViewCell.swift */,
				C90A025A27FC215200171C0E /* MainViewController.swift */,
				C90A02B627FFF0AB00171C0E /* MainViewModel.swift */,
			);
			path = Main;
			sourceTree = "<group>";
		};
		C90A026F27FD525700171C0E /* Write */ = {
			isa = PBXGroup;
			children = (
				C90A026227FC32B200171C0E /* WriteViewController.swift */,
				C90A02B127FFEAAD00171C0E /* WriteViewModel.swift */,
			);
			path = Write;
			sourceTree = "<group>";
		};
		C90A02B327FFEC8900171C0E /* Model */ = {
			isa = PBXGroup;
			children = (
				C90A02B427FFEDDE00171C0E /* MemoModel.swift */,
			);
			path = Model;
			sourceTree = "<group>";
		};
		C90A02B827FFF66C00171C0E /* Unit */ = {
			isa = PBXGroup;
			children = (
				C90A02B927FFF71500171C0E /* Observable.swift */,
			);
			path = Unit;
			sourceTree = "<group>";
		};
		C9850BC027FBD58100B6B4B9 = {
			isa = PBXGroup;
			children = (
				C9850BCB27FBD58100B6B4B9 /* MemoAppDemo */,
				C9850BCA27FBD58100B6B4B9 /* Products */,
				36A9BAF3AB3FE73A7CF3B013 /* Pods */,
				4D6F15F6047934FC8D142994 /* Frameworks */,
			);
			sourceTree = "<group>";
		};
		C9850BCA27FBD58100B6B4B9 /* Products */ = {
			isa = PBXGroup;
			children = (
				C9850BC927FBD58100B6B4B9 /* MemoAppDemo.app */,
				C9850BDF27FBD58200B6B4B9 /* MemoAppDemoTests.xctest */,
				C9850BE927FBD58200B6B4B9 /* MemoAppDemoUITests.xctest */,
			);
			name = Products;
			sourceTree = "<group>";
		};
		C9850BCB27FBD58100B6B4B9 /* MemoAppDemo */ = {
			isa = PBXGroup;
			children = (
				C90A02B827FFF66C00171C0E /* Unit */,
				C90A02B327FFEC8900171C0E /* Model */,
				C90A026F27FD525700171C0E /* Write */,
				C90A026C27FD523400171C0E /* Main */,
				C9850BCC27FBD58100B6B4B9 /* AppDelegate.swift */,
				C9850BCE27FBD58100B6B4B9 /* SceneDelegate.swift */,
				C9850BD227FBD58100B6B4B9 /* Main.storyboard */,
				C9850BD527FBD58200B6B4B9 /* Assets.xcassets */,
				C9850BD727FBD58200B6B4B9 /* LaunchScreen.storyboard */,
				C9850BDA27FBD58200B6B4B9 /* Info.plist */,
			);
			path = MemoAppDemo;
			sourceTree = "<group>";
		};
/* End PBXGroup section */

/* Begin PBXNativeTarget section */
		C9850BC827FBD58100B6B4B9 /* MemoAppDemo */ = {
			isa = PBXNativeTarget;
			buildConfigurationList = C9850BF327FBD58200B6B4B9 /* Build configuration list for PBXNativeTarget "MemoAppDemo" */;
			buildPhases = (
				11F8BA99C459576654CCD0A1 /* [CP] Check Pods Manifest.lock */,
				C9850BC527FBD58100B6B4B9 /* Sources */,
				C9850BC627FBD58100B6B4B9 /* Frameworks */,
				C9850BC727FBD58100B6B4B9 /* Resources */,
				E54EBE51FFA4E541166E0041 /* [CP] Embed Pods Frameworks */,
			);
			buildRules = (
			);
			dependencies = (
			);
			name = MemoAppDemo;
			productName = MemoAppDemo;
			productReference = C9850BC927FBD58100B6B4B9 /* MemoAppDemo.app */;
			productType = "com.apple.product-type.application";
		};
		C9850BDE27FBD58200B6B4B9 /* MemoAppDemoTests */ = {
			isa = PBXNativeTarget;
			buildConfigurationList = C9850BF627FBD58200B6B4B9 /* Build configuration list for PBXNativeTarget "MemoAppDemoTests" */;
			buildPhases = (
				C9850BDB27FBD58200B6B4B9 /* Sources */,
				C9850BDC27FBD58200B6B4B9 /* Frameworks */,
				C9850BDD27FBD58200B6B4B9 /* Resources */,
			);
			buildRules = (
			);
			dependencies = (
				C9850BE127FBD58200B6B4B9 /* PBXTargetDependency */,
			);
			name = MemoAppDemoTests;
			productName = MemoAppDemoTests;
			productReference = C9850BDF27FBD58200B6B4B9 /* MemoAppDemoTests.xctest */;
			productType = "com.apple.product-type.bundle.unit-test";
		};
		C9850BE827FBD58200B6B4B9 /* MemoAppDemoUITests */ = {
			isa = PBXNativeTarget;
			buildConfigurationList = C9850BF927FBD58200B6B4B9 /* Build configuration list for PBXNativeTarget "MemoAppDemoUITests" */;
			buildPhases = (
				C9850BE527FBD58200B6B4B9 /* Sources */,
				C9850BE627FBD58200B6B4B9 /* Frameworks */,
				C9850BE727FBD58200B6B4B9 /* Resources */,
			);
			buildRules = (
			);
			dependencies = (
				C9850BEB27FBD58200B6B4B9 /* PBXTargetDependency */,
			);
			name = MemoAppDemoUITests;
			productName = MemoAppDemoUITests;
			productReference = C9850BE927FBD58200B6B4B9 /* MemoAppDemoUITests.xctest */;
			productType = "com.apple.product-type.bundle.ui-testing";
		};
/* End PBXNativeTarget section */

/* Begin PBXProject section */
		C9850BC127FBD58100B6B4B9 /* Project object */ = {
			isa = PBXProject;
			attributes = {
				BuildIndependentTargetsInParallel = 1;
				LastSwiftUpdateCheck = 1330;
				LastUpgradeCheck = 1330;
				TargetAttributes = {
					C9850BC827FBD58100B6B4B9 = {
						CreatedOnToolsVersion = 13.3;
					};
					C9850BDE27FBD58200B6B4B9 = {
						CreatedOnToolsVersion = 13.3;
						TestTargetID = C9850BC827FBD58100B6B4B9;
					};
					C9850BE827FBD58200B6B4B9 = {
						CreatedOnToolsVersion = 13.3;
						TestTargetID = C9850BC827FBD58100B6B4B9;
					};
				};
			};
			buildConfigurationList = C9850BC427FBD58100B6B4B9 /* Build configuration list for PBXProject "MemoAppDemo" */;
			compatibilityVersion = "Xcode 13.0";
			developmentRegion = en;
			hasScannedForEncodings = 0;
			knownRegions = (
				en,
				Base,
			);
			mainGroup = C9850BC027FBD58100B6B4B9;
			productRefGroup = C9850BCA27FBD58100B6B4B9 /* Products */;
			projectDirPath = "";
			projectRoot = "";
			targets = (
				C9850BC827FBD58100B6B4B9 /* MemoAppDemo */,
				C9850BDE27FBD58200B6B4B9 /* MemoAppDemoTests */,
				C9850BE827FBD58200B6B4B9 /* MemoAppDemoUITests */,
			);
		};
/* End PBXProject section */

/* Begin PBXResourcesBuildPhase section */
		C9850BC727FBD58100B6B4B9 /* Resources */ = {
			isa = PBXResourcesBuildPhase;
			buildActionMask = 2147483647;
			files = (
				C9850BD927FBD58200B6B4B9 /* LaunchScreen.storyboard in Resources */,
				C9850BD627FBD58200B6B4B9 /* Assets.xcassets in Resources */,
				C9850BD427FBD58100B6B4B9 /* Main.storyboard in Resources */,
			);
			runOnlyForDeploymentPostprocessing = 0;
		};
		C9850BDD27FBD58200B6B4B9 /* Resources */ = {
			isa = PBXResourcesBuildPhase;
			buildActionMask = 2147483647;
			files = (
			);
			runOnlyForDeploymentPostprocessing = 0;
		};
		C9850BE727FBD58200B6B4B9 /* Resources */ = {
			isa = PBXResourcesBuildPhase;
			buildActionMask = 2147483647;
			files = (
			);
			runOnlyForDeploymentPostprocessing = 0;
		};
/* End PBXResourcesBuildPhase section */

/* Begin PBXShellScriptBuildPhase section */
		11F8BA99C459576654CCD0A1 /* [CP] Check Pods Manifest.lock */ = {
			isa = PBXShellScriptBuildPhase;
			buildActionMask = 2147483647;
			files = (
			);
			inputFileListPaths = (
			);
			inputPaths = (
				"${PODS_PODFILE_DIR_PATH}/Podfile.lock",
				"${PODS_ROOT}/Manifest.lock",
			);
			name = "[CP] Check Pods Manifest.lock";
			outputFileListPaths = (
			);
			outputPaths = (
				"$(DERIVED_FILE_DIR)/Pods-MemoAppDemo-checkManifestLockResult.txt",
			);
			runOnlyForDeploymentPostprocessing = 0;
			shellPath = /bin/sh;
			shellScript = "diff \"${PODS_PODFILE_DIR_PATH}/Podfile.lock\" \"${PODS_ROOT}/Manifest.lock\" > /dev/null\nif [ $? != 0 ] ; then\n    # print error to STDERR\n    echo \"error: The sandbox is not in sync with the Podfile.lock. Run 'pod install' or update your CocoaPods installation.\" >&2\n    exit 1\nfi\n# This output is used by Xcode 'outputs' to avoid re-running this script phase.\necho \"SUCCESS\" > \"${SCRIPT_OUTPUT_FILE_0}\"\n";
			showEnvVarsInLog = 0;
		};
		E54EBE51FFA4E541166E0041 /* [CP] Embed Pods Frameworks */ = {
			isa = PBXShellScriptBuildPhase;
			buildActionMask = 2147483647;
			files = (
			);
			inputFileListPaths = (
				"${PODS_ROOT}/Target Support Files/Pods-MemoAppDemo/Pods-MemoAppDemo-frameworks-${CONFIGURATION}-input-files.xcfilelist",
			);
			name = "[CP] Embed Pods Frameworks";
			outputFileListPaths = (
				"${PODS_ROOT}/Target Support Files/Pods-MemoAppDemo/Pods-MemoAppDemo-frameworks-${CONFIGURATION}-output-files.xcfilelist",
			);
			runOnlyForDeploymentPostprocessing = 0;
			shellPath = /bin/sh;
			shellScript = "\"${PODS_ROOT}/Target Support Files/Pods-MemoAppDemo/Pods-MemoAppDemo-frameworks.sh\"\n";
			showEnvVarsInLog = 0;
		};
/* End PBXShellScriptBuildPhase section */

/* Begin PBXSourcesBuildPhase section */
		C9850BC527FBD58100B6B4B9 /* Sources */ = {
			isa = PBXSourcesBuildPhase;
			buildActionMask = 2147483647;
			files = (
				C90A02B527FFEDDE00171C0E /* MemoModel.swift in Sources */,
				C90A025B27FC215200171C0E /* MainViewController.swift in Sources */,
				C9850BCD27FBD58100B6B4B9 /* AppDelegate.swift in Sources */,
				C9850BCF27FBD58100B6B4B9 /* SceneDelegate.swift in Sources */,
				C90A02BA27FFF71500171C0E /* Observable.swift in Sources */,
				C90A027427FD87AF00171C0E /* MemoTableViewCell.swift in Sources */,
				C90A02B227FFEAAD00171C0E /* WriteViewModel.swift in Sources */,
				C90A026327FC32B200171C0E /* WriteViewController.swift in Sources */,
				C90A02B727FFF0AB00171C0E /* MainViewModel.swift in Sources */,
			);
			runOnlyForDeploymentPostprocessing = 0;
		};
		C9850BDB27FBD58200B6B4B9 /* Sources */ = {
			isa = PBXSourcesBuildPhase;
			buildActionMask = 2147483647;
			files = (
			);
			runOnlyForDeploymentPostprocessing = 0;
		};
		C9850BE527FBD58200B6B4B9 /* Sources */ = {
			isa = PBXSourcesBuildPhase;
			buildActionMask = 2147483647;
			files = (
			);
			runOnlyForDeploymentPostprocessing = 0;
		};
/* End PBXSourcesBuildPhase section */

/* Begin PBXTargetDependency section */
		C9850BE127FBD58200B6B4B9 /* PBXTargetDependency */ = {
			isa = PBXTargetDependency;
			target = C9850BC827FBD58100B6B4B9 /* MemoAppDemo */;
			targetProxy = C9850BE027FBD58200B6B4B9 /* PBXContainerItemProxy */;
		};
		C9850BEB27FBD58200B6B4B9 /* PBXTargetDependency */ = {
			isa = PBXTargetDependency;
			target = C9850BC827FBD58100B6B4B9 /* MemoAppDemo */;
			targetProxy = C9850BEA27FBD58200B6B4B9 /* PBXContainerItemProxy */;
		};
/* End PBXTargetDependency section */

/* Begin PBXVariantGroup section */
		C9850BD227FBD58100B6B4B9 /* Main.storyboard */ = {
			isa = PBXVariantGroup;
			children = (
				C9850BD327FBD58100B6B4B9 /* Base */,
			);
			name = Main.storyboard;
			sourceTree = "<group>";
		};
		C9850BD727FBD58200B6B4B9 /* LaunchScreen.storyboard */ = {
			isa = PBXVariantGroup;
			children = (
				C9850BD827FBD58200B6B4B9 /* Base */,
			);
			name = LaunchScreen.storyboard;
			sourceTree = "<group>";
		};
/* End PBXVariantGroup section */

/* Begin XCBuildConfiguration section */
		C9850BF127FBD58200B6B4B9 /* Debug */ = {
			isa = XCBuildConfiguration;
			buildSettings = {
				ALWAYS_SEARCH_USER_PATHS = NO;
				CLANG_ANALYZER_NONNULL = YES;
				CLANG_ANALYZER_NUMBER_OBJECT_CONVERSION = YES_AGGRESSIVE;
				CLANG_CXX_LANGUAGE_STANDARD = "gnu++17";
				CLANG_ENABLE_MODULES = YES;
				CLANG_ENABLE_OBJC_ARC = YES;
				CLANG_ENABLE_OBJC_WEAK = YES;
				CLANG_WARN_BLOCK_CAPTURE_AUTORELEASING = YES;
				CLANG_WARN_BOOL_CONVERSION = YES;
				CLANG_WARN_COMMA = YES;
				CLANG_WARN_CONSTANT_CONVERSION = YES;
				CLANG_WARN_DEPRECATED_OBJC_IMPLEMENTATIONS = YES;
				CLANG_WARN_DIRECT_OBJC_ISA_USAGE = YES_ERROR;
				CLANG_WARN_DOCUMENTATION_COMMENTS = YES;
				CLANG_WARN_EMPTY_BODY = YES;
				CLANG_WARN_ENUM_CONVERSION = YES;
				CLANG_WARN_INFINITE_RECURSION = YES;
				CLANG_WARN_INT_CONVERSION = YES;
				CLANG_WARN_NON_LITERAL_NULL_CONVERSION = YES;
				CLANG_WARN_OBJC_IMPLICIT_RETAIN_SELF = YES;
				CLANG_WARN_OBJC_LITERAL_CONVERSION = YES;
				CLANG_WARN_OBJC_ROOT_CLASS = YES_ERROR;
				CLANG_WARN_QUOTED_INCLUDE_IN_FRAMEWORK_HEADER = YES;
				CLANG_WARN_RANGE_LOOP_ANALYSIS = YES;
				CLANG_WARN_STRICT_PROTOTYPES = YES;
				CLANG_WARN_SUSPICIOUS_MOVE = YES;
				CLANG_WARN_UNGUARDED_AVAILABILITY = YES_AGGRESSIVE;
				CLANG_WARN_UNREACHABLE_CODE = YES;
				CLANG_WARN__DUPLICATE_METHOD_MATCH = YES;
				COPY_PHASE_STRIP = NO;
				DEBUG_INFORMATION_FORMAT = dwarf;
				ENABLE_STRICT_OBJC_MSGSEND = YES;
				ENABLE_TESTABILITY = YES;
				GCC_C_LANGUAGE_STANDARD = gnu11;
				GCC_DYNAMIC_NO_PIC = NO;
				GCC_NO_COMMON_BLOCKS = YES;
				GCC_OPTIMIZATION_LEVEL = 0;
				GCC_PREPROCESSOR_DEFINITIONS = (
					"DEBUG=1",
					"$(inherited)",
				);
				GCC_WARN_64_TO_32_BIT_CONVERSION = YES;
				GCC_WARN_ABOUT_RETURN_TYPE = YES_ERROR;
				GCC_WARN_UNDECLARED_SELECTOR = YES;
				GCC_WARN_UNINITIALIZED_AUTOS = YES_AGGRESSIVE;
				GCC_WARN_UNUSED_FUNCTION = YES;
				GCC_WARN_UNUSED_VARIABLE = YES;
				IPHONEOS_DEPLOYMENT_TARGET = 15.4;
				MTL_ENABLE_DEBUG_INFO = INCLUDE_SOURCE;
				MTL_FAST_MATH = YES;
				ONLY_ACTIVE_ARCH = YES;
				SDKROOT = iphoneos;
				SWIFT_ACTIVE_COMPILATION_CONDITIONS = DEBUG;
				SWIFT_OPTIMIZATION_LEVEL = "-Onone";
			};
			name = Debug;
		};
		C9850BF227FBD58200B6B4B9 /* Release */ = {
			isa = XCBuildConfiguration;
			buildSettings = {
				ALWAYS_SEARCH_USER_PATHS = NO;
				CLANG_ANALYZER_NONNULL = YES;
				CLANG_ANALYZER_NUMBER_OBJECT_CONVERSION = YES_AGGRESSIVE;
				CLANG_CXX_LANGUAGE_STANDARD = "gnu++17";
				CLANG_ENABLE_MODULES = YES;
				CLANG_ENABLE_OBJC_ARC = YES;
				CLANG_ENABLE_OBJC_WEAK = YES;
				CLANG_WARN_BLOCK_CAPTURE_AUTORELEASING = YES;
				CLANG_WARN_BOOL_CONVERSION = YES;
				CLANG_WARN_COMMA = YES;
				CLANG_WARN_CONSTANT_CONVERSION = YES;
				CLANG_WARN_DEPRECATED_OBJC_IMPLEMENTATIONS = YES;
				CLANG_WARN_DIRECT_OBJC_ISA_USAGE = YES_ERROR;
				CLANG_WARN_DOCUMENTATION_COMMENTS = YES;
				CLANG_WARN_EMPTY_BODY = YES;
				CLANG_WARN_ENUM_CONVERSION = YES;
				CLANG_WARN_INFINITE_RECURSION = YES;
				CLANG_WARN_INT_CONVERSION = YES;
				CLANG_WARN_NON_LITERAL_NULL_CONVERSION = YES;
				CLANG_WARN_OBJC_IMPLICIT_RETAIN_SELF = YES;
				CLANG_WARN_OBJC_LITERAL_CONVERSION = YES;
				CLANG_WARN_OBJC_ROOT_CLASS = YES_ERROR;
				CLANG_WARN_QUOTED_INCLUDE_IN_FRAMEWORK_HEADER = YES;
				CLANG_WARN_RANGE_LOOP_ANALYSIS = YES;
				CLANG_WARN_STRICT_PROTOTYPES = YES;
				CLANG_WARN_SUSPICIOUS_MOVE = YES;
				CLANG_WARN_UNGUARDED_AVAILABILITY = YES_AGGRESSIVE;
				CLANG_WARN_UNREACHABLE_CODE = YES;
				CLANG_WARN__DUPLICATE_METHOD_MATCH = YES;
				COPY_PHASE_STRIP = NO;
				DEBUG_INFORMATION_FORMAT = "dwarf-with-dsym";
				ENABLE_NS_ASSERTIONS = NO;
				ENABLE_STRICT_OBJC_MSGSEND = YES;
				GCC_C_LANGUAGE_STANDARD = gnu11;
				GCC_NO_COMMON_BLOCKS = YES;
				GCC_WARN_64_TO_32_BIT_CONVERSION = YES;
				GCC_WARN_ABOUT_RETURN_TYPE = YES_ERROR;
				GCC_WARN_UNDECLARED_SELECTOR = YES;
				GCC_WARN_UNINITIALIZED_AUTOS = YES_AGGRESSIVE;
				GCC_WARN_UNUSED_FUNCTION = YES;
				GCC_WARN_UNUSED_VARIABLE = YES;
				IPHONEOS_DEPLOYMENT_TARGET = 15.4;
				MTL_ENABLE_DEBUG_INFO = NO;
				MTL_FAST_MATH = YES;
				SDKROOT = iphoneos;
				SWIFT_COMPILATION_MODE = wholemodule;
				SWIFT_OPTIMIZATION_LEVEL = "-O";
				VALIDATE_PRODUCT = YES;
			};
			name = Release;
		};
		C9850BF427FBD58200B6B4B9 /* Debug */ = {
			isa = XCBuildConfiguration;
			baseConfigurationReference = 9C274C822D97C373540F843D /* Pods-MemoAppDemo.debug.xcconfig */;
			buildSettings = {
				ASSETCATALOG_COMPILER_APPICON_NAME = AppIcon;
				ASSETCATALOG_COMPILER_GLOBAL_ACCENT_COLOR_NAME = AccentColor;
				CODE_SIGN_IDENTITY = "Apple Development";
				CODE_SIGN_STYLE = Automatic;
				CURRENT_PROJECT_VERSION = 1;
				DEVELOPMENT_TEAM = D237UGRPX6;
				GENERATE_INFOPLIST_FILE = YES;
				INFOPLIST_FILE = MemoAppDemo/Info.plist;
				INFOPLIST_KEY_UIApplicationSupportsIndirectInputEvents = YES;
				INFOPLIST_KEY_UILaunchStoryboardName = LaunchScreen;
				INFOPLIST_KEY_UIMainStoryboardFile = Main;
				INFOPLIST_KEY_UISupportedInterfaceOrientations_iPad = "UIInterfaceOrientationPortrait UIInterfaceOrientationPortraitUpsideDown UIInterfaceOrientationLandscapeLeft UIInterfaceOrientationLandscapeRight";
				INFOPLIST_KEY_UISupportedInterfaceOrientations_iPhone = "UIInterfaceOrientationPortrait UIInterfaceOrientationLandscapeLeft UIInterfaceOrientationLandscapeRight";
				LD_RUNPATH_SEARCH_PATHS = (
					"$(inherited)",
					"@executable_path/Frameworks",
				);
				MARKETING_VERSION = 1.0;
				PRODUCT_BUNDLE_IDENTIFIER = cloud.shoplive.MemoAppDemo;
				PRODUCT_NAME = "$(TARGET_NAME)";
				PROVISIONING_PROFILE_SPECIFIER = "";
				SWIFT_EMIT_LOC_STRINGS = YES;
				SWIFT_VERSION = 5.0;
				TARGETED_DEVICE_FAMILY = "1,2";
			};
			name = Debug;
		};
		C9850BF527FBD58200B6B4B9 /* Release */ = {
			isa = XCBuildConfiguration;
			baseConfigurationReference = 4CD89BB156946F02248384B3 /* Pods-MemoAppDemo.release.xcconfig */;
			buildSettings = {
				ASSETCATALOG_COMPILER_APPICON_NAME = AppIcon;
				ASSETCATALOG_COMPILER_GLOBAL_ACCENT_COLOR_NAME = AccentColor;
				CODE_SIGN_IDENTITY = "Apple Development";
				CODE_SIGN_STYLE = Automatic;
				CURRENT_PROJECT_VERSION = 1;
				DEVELOPMENT_TEAM = D237UGRPX6;
				GENERATE_INFOPLIST_FILE = YES;
				INFOPLIST_FILE = MemoAppDemo/Info.plist;
				INFOPLIST_KEY_UIApplicationSupportsIndirectInputEvents = YES;
				INFOPLIST_KEY_UILaunchStoryboardName = LaunchScreen;
				INFOPLIST_KEY_UIMainStoryboardFile = Main;
				INFOPLIST_KEY_UISupportedInterfaceOrientations_iPad = "UIInterfaceOrientationPortrait UIInterfaceOrientationPortraitUpsideDown UIInterfaceOrientationLandscapeLeft UIInterfaceOrientationLandscapeRight";
				INFOPLIST_KEY_UISupportedInterfaceOrientations_iPhone = "UIInterfaceOrientationPortrait UIInterfaceOrientationLandscapeLeft UIInterfaceOrientationLandscapeRight";
				LD_RUNPATH_SEARCH_PATHS = (
					"$(inherited)",
					"@executable_path/Frameworks",
				);
				MARKETING_VERSION = 1.0;
				PRODUCT_BUNDLE_IDENTIFIER = cloud.shoplive.MemoAppDemo;
				PRODUCT_NAME = "$(TARGET_NAME)";
				PROVISIONING_PROFILE_SPECIFIER = "";
				SWIFT_EMIT_LOC_STRINGS = YES;
				SWIFT_VERSION = 5.0;
				TARGETED_DEVICE_FAMILY = "1,2";
			};
			name = Release;
		};
		C9850BF727FBD58200B6B4B9 /* Debug */ = {
			isa = XCBuildConfiguration;
			buildSettings = {
				ALWAYS_EMBED_SWIFT_STANDARD_LIBRARIES = YES;
				BUNDLE_LOADER = "$(TEST_HOST)";
				CODE_SIGN_STYLE = Automatic;
				CURRENT_PROJECT_VERSION = 1;
				DEVELOPMENT_TEAM = NNTZ8GMX5D;
				GENERATE_INFOPLIST_FILE = YES;
				IPHONEOS_DEPLOYMENT_TARGET = 15.4;
				MARKETING_VERSION = 1.0;
				PRODUCT_BUNDLE_IDENTIFIER = com.shoplive.MemoAppDemoTests;
				PRODUCT_NAME = "$(TARGET_NAME)";
				SWIFT_EMIT_LOC_STRINGS = NO;
				SWIFT_VERSION = 5.0;
				TARGETED_DEVICE_FAMILY = "1,2";
				TEST_HOST = "$(BUILT_PRODUCTS_DIR)/MemoAppDemo.app/MemoAppDemo";
			};
			name = Debug;
		};
		C9850BF827FBD58200B6B4B9 /* Release */ = {
			isa = XCBuildConfiguration;
			buildSettings = {
				ALWAYS_EMBED_SWIFT_STANDARD_LIBRARIES = YES;
				BUNDLE_LOADER = "$(TEST_HOST)";
				CODE_SIGN_STYLE = Automatic;
				CURRENT_PROJECT_VERSION = 1;
				DEVELOPMENT_TEAM = NNTZ8GMX5D;
				GENERATE_INFOPLIST_FILE = YES;
				IPHONEOS_DEPLOYMENT_TARGET = 15.4;
				MARKETING_VERSION = 1.0;
				PRODUCT_BUNDLE_IDENTIFIER = com.shoplive.MemoAppDemoTests;
				PRODUCT_NAME = "$(TARGET_NAME)";
				SWIFT_EMIT_LOC_STRINGS = NO;
				SWIFT_VERSION = 5.0;
				TARGETED_DEVICE_FAMILY = "1,2";
				TEST_HOST = "$(BUILT_PRODUCTS_DIR)/MemoAppDemo.app/MemoAppDemo";
			};
			name = Release;
		};
		C9850BFA27FBD58200B6B4B9 /* Debug */ = {
			isa = XCBuildConfiguration;
			buildSettings = {
				ALWAYS_EMBED_SWIFT_STANDARD_LIBRARIES = YES;
				CODE_SIGN_STYLE = Automatic;
				CURRENT_PROJECT_VERSION = 1;
				DEVELOPMENT_TEAM = NNTZ8GMX5D;
				GENERATE_INFOPLIST_FILE = YES;
				MARKETING_VERSION = 1.0;
				PRODUCT_BUNDLE_IDENTIFIER = com.shoplive.MemoAppDemoUITests;
				PRODUCT_NAME = "$(TARGET_NAME)";
				SWIFT_EMIT_LOC_STRINGS = NO;
				SWIFT_VERSION = 5.0;
				TARGETED_DEVICE_FAMILY = "1,2";
				TEST_TARGET_NAME = MemoAppDemo;
			};
			name = Debug;
		};
		C9850BFB27FBD58200B6B4B9 /* Release */ = {
			isa = XCBuildConfiguration;
			buildSettings = {
				ALWAYS_EMBED_SWIFT_STANDARD_LIBRARIES = YES;
				CODE_SIGN_STYLE = Automatic;
				CURRENT_PROJECT_VERSION = 1;
				DEVELOPMENT_TEAM = NNTZ8GMX5D;
				GENERATE_INFOPLIST_FILE = YES;
				MARKETING_VERSION = 1.0;
				PRODUCT_BUNDLE_IDENTIFIER = com.shoplive.MemoAppDemoUITests;
				PRODUCT_NAME = "$(TARGET_NAME)";
				SWIFT_EMIT_LOC_STRINGS = NO;
				SWIFT_VERSION = 5.0;
				TARGETED_DEVICE_FAMILY = "1,2";
				TEST_TARGET_NAME = MemoAppDemo;
			};
			name = Release;
		};
/* End XCBuildConfiguration section */

/* Begin XCConfigurationList section */
		C9850BC427FBD58100B6B4B9 /* Build configuration list for PBXProject "MemoAppDemo" */ = {
			isa = XCConfigurationList;
			buildConfigurations = (
				C9850BF127FBD58200B6B4B9 /* Debug */,
				C9850BF227FBD58200B6B4B9 /* Release */,
			);
			defaultConfigurationIsVisible = 0;
			defaultConfigurationName = Release;
		};
		C9850BF327FBD58200B6B4B9 /* Build configuration list for PBXNativeTarget "MemoAppDemo" */ = {
			isa = XCConfigurationList;
			buildConfigurations = (
				C9850BF427FBD58200B6B4B9 /* Debug */,
				C9850BF527FBD58200B6B4B9 /* Release */,
			);
			defaultConfigurationIsVisible = 0;
			defaultConfigurationName = Release;
		};
		C9850BF627FBD58200B6B4B9 /* Build configuration list for PBXNativeTarget "MemoAppDemoTests" */ = {
			isa = XCConfigurationList;
			buildConfigurations = (
				C9850BF727FBD58200B6B4B9 /* Debug */,
				C9850BF827FBD58200B6B4B9 /* Release */,
			);
			defaultConfigurationIsVisible = 0;
			defaultConfigurationName = Release;
		};
		C9850BF927FBD58200B6B4B9 /* Build configuration list for PBXNativeTarget "MemoAppDemoUITests" */ = {
			isa = XCConfigurationList;
			buildConfigurations = (
				C9850BFA27FBD58200B6B4B9 /* Debug */,
				C9850BFB27FBD58200B6B4B9 /* Release */,
			);
			defaultConfigurationIsVisible = 0;
			defaultConfigurationName = Release;
		};
/* End XCConfigurationList section */
	};
	rootObject = C9850BC127FBD58100B6B4B9 /* Project object */;
}
